
Microsoft Visual Studio Solution File, Format Version 12.00
# Visual Studio Version 17
VisualStudioVersion = 17.13.35806.99 d17.13
MinimumVisualStudioVersion = 10.0.40219.1
Project("{FAE04EC0-301F-11D3-BF4B-00C04F79EFBC}") = "WebAPI", "WebAPI.csproj", "{1348730A-174F-C11F-ACAC-36F1CF697A3E}"
EndProject
Project("{FAE04EC0-301F-11D3-BF4B-00C04F79EFBC}") = "Domain", "..\Domain\Domain.csproj", "{1CA04B59-4717-4942-84DD-7F98E02EE6CC}"
EndProject
Project("{FAE04EC0-301F-11D3-BF4B-00C04F79EFBC}") = "Application", "..\Application\Application.csproj", "{6B8DD369-3EA5-47EF-BD91-3E15D652BFB6}"
EndProject
Global
	GlobalSection(SolutionConfigurationPlatforms) = preSolution
		Debug|Any CPU = Debug|Any CPU
		Release|Any CPU = Release|Any CPU
	EndGlobalSection
	GlobalSection(ProjectConfigurationPlatforms) = postSolution
		{1348730A-174F-C11F-ACAC-36F1CF697A3E}.Debug|Any CPU.ActiveCfg = Debug|Any CPU
		{1348730A-174F-C11F-ACAC-36F1CF697A3E}.Debug|Any CPU.Build.0 = Debug|Any CPU
		{1348730A-174F-C11F-ACAC-36F1CF697A3E}.Release|Any CPU.ActiveCfg = Release|Any CPU
		{1348730A-174F-C11F-ACAC-36F1CF697A3E}.Release|Any CPU.Build.0 = Release|Any CPU
		{1CA04B59-4717-4942-84DD-7F98E02EE6CC}.Debug|Any CPU.ActiveCfg = Debug|Any CPU
		{1CA04B59-4717-4942-84DD-7F98E02EE6CC}.Debug|Any CPU.Build.0 = Debug|Any CPU
		{1CA04B59-4717-4942-84DD-7F98E02EE6CC}.Release|Any CPU.ActiveCfg = Release|Any CPU
		{1CA04B59-4717-4942-84DD-7F98E02EE6CC}.Release|Any CPU.Build.0 = Release|Any CPU
		{6B8DD369-3EA5-47EF-BD91-3E15D652BFB6}.Debug|Any CPU.ActiveCfg = Debug|Any CPU
		{6B8DD369-3EA5-47EF-BD91-3E15D652BFB6}.Debug|Any CPU.Build.0 = Debug|Any CPU
		{6B8DD369-3EA5-47EF-BD91-3E15D652BFB6}.Release|Any CPU.ActiveCfg = Release|Any CPU
		{6B8DD369-3EA5-47EF-BD91-3E15D652BFB6}.Release|Any CPU.Build.0 = Release|Any CPU
	EndGlobalSection
	GlobalSection(SolutionProperties) = preSolution
		HideSolutionNode = FALSE
	EndGlobalSection
	GlobalSection(ExtensibilityGlobals) = postSolution
		SolutionGuid = {DED276A2-B777-4112-B808-6817F7CFB3EB}
	EndGlobalSection
EndGlobal
